
Microsoft Visual Studio Solution File, Format Version 12.00
# Visual Studio Version 16
VisualStudioVersion = 16.0.30907.101
MinimumVisualStudioVersion = 10.0.40219.1
Project("{9A19103F-16F7-4668-BE54-9A1E7A4F7556}") = "FlightsProject", "FlightsProject\FlightsProject.csproj", "{8B05D8FF-FF8A-4223-9A90-03087D212ABD}"
EndProject
Project("{9A19103F-16F7-4668-BE54-9A1E7A4F7556}") = "Runner", "Runner\Runner.csproj", "{4B8DD1F3-E801-43F1-9AC7-B65241655FB3}"
EndProject
Project("{FAE04EC0-301F-11D3-BF4B-00C04F79EFBC}") = "TestFlightsProject", "TestFlightsProject\TestFlightsProject.csproj", "{E60684B9-F2C5-4869-9A4D-F1654FB8D117}"
EndProject
Global
	GlobalSection(SolutionConfigurationPlatforms) = preSolution
		Debug|Any CPU = Debug|Any CPU
		Release|Any CPU = Release|Any CPU
	EndGlobalSection
	GlobalSection(ProjectConfigurationPlatforms) = postSolution
		{8B05D8FF-FF8A-4223-9A90-03087D212ABD}.Debug|Any CPU.ActiveCfg = Debug|Any CPU
		{8B05D8FF-FF8A-4223-9A90-03087D212ABD}.Debug|Any CPU.Build.0 = Debug|Any CPU
		{8B05D8FF-FF8A-4223-9A90-03087D212ABD}.Release|Any CPU.ActiveCfg = Release|Any CPU
		{8B05D8FF-FF8A-4223-9A90-03087D212ABD}.Release|Any CPU.Build.0 = Release|Any CPU
		{4B8DD1F3-E801-43F1-9AC7-B65241655FB3}.Debug|Any CPU.ActiveCfg = Debug|Any CPU
		{4B8DD1F3-E801-43F1-9AC7-B65241655FB3}.Debug|Any CPU.Build.0 = Debug|Any CPU
		{4B8DD1F3-E801-43F1-9AC7-B65241655FB3}.Release|Any CPU.ActiveCfg = Release|Any CPU
		{4B8DD1F3-E801-43F1-9AC7-B65241655FB3}.Release|Any CPU.Build.0 = Release|Any CPU
		{E60684B9-F2C5-4869-9A4D-F1654FB8D117}.Debug|Any CPU.ActiveCfg = Debug|Any CPU
		{E60684B9-F2C5-4869-9A4D-F1654FB8D117}.Debug|Any CPU.Build.0 = Debug|Any CPU
		{E60684B9-F2C5-4869-9A4D-F1654FB8D117}.Release|Any CPU.ActiveCfg = Release|Any CPU
		{E60684B9-F2C5-4869-9A4D-F1654FB8D117}.Release|Any CPU.Build.0 = Release|Any CPU
	EndGlobalSection
	GlobalSection(SolutionProperties) = preSolution
		HideSolutionNode = FALSE
	EndGlobalSection
	GlobalSection(ExtensibilityGlobals) = postSolution
		SolutionGuid = {B6AF2532-E750-45E2-A208-2B79EB0418D4}
	EndGlobalSection
EndGlobal
